
Microsoft Visual Studio Solution File, Format Version 12.00
# Visual Studio Version 17
VisualStudioVersion = 17.13.35825.156 d17.13
MinimumVisualStudioVersion = 10.0.40219.1
Project("{FAE04EC0-301F-11D3-BF4B-00C04F79EFBC}") = "DVLD.UI", "DVLD.UI\DVLD.UI.csproj", "{3E621C6F-D164-4B50-9247-FC2E5899FD8F}"
EndProject
Project("{FAE04EC0-301F-11D3-BF4B-00C04F79EFBC}") = "DVLD.Business", "DVLD.Business\DVLD.Business.csproj", "{EA38596D-E4F5-445E-BBAC-8380972A17D5}"
EndProject
Project("{FAE04EC0-301F-11D3-BF4B-00C04F79EFBC}") = "DVLD.DataAccess", "DVLD.DataAccess\DVLD.DataAccess.csproj", "{F2AE910B-E271-4F92-AA7B-0DAA0E4463DD}"
EndProject
Global
	GlobalSection(SolutionConfigurationPlatforms) = preSolution
		Debug|Any CPU = Debug|Any CPU
		Release|Any CPU = Release|Any CPU
	EndGlobalSection
	GlobalSection(ProjectConfigurationPlatforms) = postSolution
		{3E621C6F-D164-4B50-9247-FC2E5899FD8F}.Debug|Any CPU.ActiveCfg = Debug|Any CPU
		{3E621C6F-D164-4B50-9247-FC2E5899FD8F}.Debug|Any CPU.Build.0 = Debug|Any CPU
		{3E621C6F-D164-4B50-9247-FC2E5899FD8F}.Release|Any CPU.ActiveCfg = Release|Any CPU
		{3E621C6F-D164-4B50-9247-FC2E5899FD8F}.Release|Any CPU.Build.0 = Release|Any CPU
		{EA38596D-E4F5-445E-BBAC-8380972A17D5}.Debug|Any CPU.ActiveCfg = Debug|Any CPU
		{EA38596D-E4F5-445E-BBAC-8380972A17D5}.Debug|Any CPU.Build.0 = Debug|Any CPU
		{EA38596D-E4F5-445E-BBAC-8380972A17D5}.Release|Any CPU.ActiveCfg = Release|Any CPU
		{EA38596D-E4F5-445E-BBAC-8380972A17D5}.Release|Any CPU.Build.0 = Release|Any CPU
		{F2AE910B-E271-4F92-AA7B-0DAA0E4463DD}.Debug|Any CPU.ActiveCfg = Debug|Any CPU
		{F2AE910B-E271-4F92-AA7B-0DAA0E4463DD}.Debug|Any CPU.Build.0 = Debug|Any CPU
		{F2AE910B-E271-4F92-AA7B-0DAA0E4463DD}.Release|Any CPU.ActiveCfg = Release|Any CPU
		{F2AE910B-E271-4F92-AA7B-0DAA0E4463DD}.Release|Any CPU.Build.0 = Release|Any CPU
	EndGlobalSection
	GlobalSection(SolutionProperties) = preSolution
		HideSolutionNode = FALSE
	EndGlobalSection
	GlobalSection(ExtensibilityGlobals) = postSolution
		SolutionGuid = {E15DC114-4D74-4FC5-B846-ACD51AB6922D}
	EndGlobalSection
EndGlobal
